
Microsoft Visual Studio Solution File, Format Version 12.00
# Visual Studio 15
Project("{FAE04EC0-301F-11D3-BF4B-00C04F79EFBC}") = "BuyingAssistant.Android", "BuyingAssistant.Android\BuyingAssistant.Android.csproj", "{6C3AE735-918F-4D4A-A832-7C3FFC27FAAA}"
EndProject
Project("{FAE04EC0-301F-11D3-BF4B-00C04F79EFBC}") = "BuyingAssistant.iOS", "BuyingAssistant.iOS\BuyingAssistant.iOS.csproj", "{A7ACA80F-12A0-4E01-B7D6-F23B30F0EF46}"
EndProject
Project("{FAE04EC0-301F-11D3-BF4B-00C04F79EFBC}") = "BuyingAssistant", "BuyingAssistant\BuyingAssistant.csproj", "{EA7F17DF-410B-49EC-A4D3-470C1F0BD80B}"
EndProject
Global
	GlobalSection(SolutionConfigurationPlatforms) = preSolution
		Debug|Any CPU = Debug|Any CPU
		Release|Any CPU = Release|Any CPU
		Debug|iPhoneSimulator = Debug|iPhoneSimulator
		Release|iPhoneSimulator = Release|iPhoneSimulator
		Debug|iPhone = Debug|iPhone
		Release|iPhone = Release|iPhone
		Ad-Hoc|iPhone = Ad-Hoc|iPhone
		AppStore|iPhone = AppStore|iPhone
	EndGlobalSection
	GlobalSection(ProjectConfigurationPlatforms) = postSolution
		{6C3AE735-918F-4D4A-A832-7C3FFC27FAAA}.Debug|Any CPU.ActiveCfg = Debug|Any CPU
		{6C3AE735-918F-4D4A-A832-7C3FFC27FAAA}.Debug|Any CPU.Build.0 = Debug|Any CPU
		{6C3AE735-918F-4D4A-A832-7C3FFC27FAAA}.Release|Any CPU.ActiveCfg = Release|Any CPU
		{6C3AE735-918F-4D4A-A832-7C3FFC27FAAA}.Release|Any CPU.Build.0 = Release|Any CPU
		{6C3AE735-918F-4D4A-A832-7C3FFC27FAAA}.Debug|iPhoneSimulator.ActiveCfg = Debug|Any CPU
		{6C3AE735-918F-4D4A-A832-7C3FFC27FAAA}.Debug|iPhoneSimulator.Build.0 = Debug|Any CPU
		{6C3AE735-918F-4D4A-A832-7C3FFC27FAAA}.Release|iPhoneSimulator.ActiveCfg = Release|Any CPU
		{6C3AE735-918F-4D4A-A832-7C3FFC27FAAA}.Release|iPhoneSimulator.Build.0 = Release|Any CPU
		{6C3AE735-918F-4D4A-A832-7C3FFC27FAAA}.Debug|iPhone.ActiveCfg = Debug|Any CPU
		{6C3AE735-918F-4D4A-A832-7C3FFC27FAAA}.Debug|iPhone.Build.0 = Debug|Any CPU
		{6C3AE735-918F-4D4A-A832-7C3FFC27FAAA}.Release|iPhone.ActiveCfg = Release|Any CPU
		{6C3AE735-918F-4D4A-A832-7C3FFC27FAAA}.Release|iPhone.Build.0 = Release|Any CPU
		{6C3AE735-918F-4D4A-A832-7C3FFC27FAAA}.Ad-Hoc|iPhone.ActiveCfg = Debug|Any CPU
		{6C3AE735-918F-4D4A-A832-7C3FFC27FAAA}.Ad-Hoc|iPhone.Build.0 = Debug|Any CPU
		{6C3AE735-918F-4D4A-A832-7C3FFC27FAAA}.AppStore|iPhone.ActiveCfg = Debug|Any CPU
		{6C3AE735-918F-4D4A-A832-7C3FFC27FAAA}.AppStore|iPhone.Build.0 = Debug|Any CPU
		{A7ACA80F-12A0-4E01-B7D6-F23B30F0EF46}.Debug|Any CPU.ActiveCfg = Debug|iPhoneSimulator
		{A7ACA80F-12A0-4E01-B7D6-F23B30F0EF46}.Debug|Any CPU.Build.0 = Debug|iPhoneSimulator
		{A7ACA80F-12A0-4E01-B7D6-F23B30F0EF46}.Release|Any CPU.ActiveCfg = Release|iPhoneSimulator
		{A7ACA80F-12A0-4E01-B7D6-F23B30F0EF46}.Release|Any CPU.Build.0 = Release|iPhoneSimulator
		{A7ACA80F-12A0-4E01-B7D6-F23B30F0EF46}.Debug|iPhoneSimulator.ActiveCfg = Debug|iPhoneSimulator
		{A7ACA80F-12A0-4E01-B7D6-F23B30F0EF46}.Debug|iPhoneSimulator.Build.0 = Debug|iPhoneSimulator
		{A7ACA80F-12A0-4E01-B7D6-F23B30F0EF46}.Release|iPhoneSimulator.ActiveCfg = Release|iPhoneSimulator
		{A7ACA80F-12A0-4E01-B7D6-F23B30F0EF46}.Release|iPhoneSimulator.Build.0 = Release|iPhoneSimulator
		{A7ACA80F-12A0-4E01-B7D6-F23B30F0EF46}.Debug|iPhone.ActiveCfg = Debug|iPhone
		{A7ACA80F-12A0-4E01-B7D6-F23B30F0EF46}.Debug|iPhone.Build.0 = Debug|iPhone
		{A7ACA80F-12A0-4E01-B7D6-F23B30F0EF46}.Release|iPhone.ActiveCfg = Release|iPhone
		{A7ACA80F-12A0-4E01-B7D6-F23B30F0EF46}.Release|iPhone.Build.0 = Release|iPhone
		{A7ACA80F-12A0-4E01-B7D6-F23B30F0EF46}.Ad-Hoc|iPhone.ActiveCfg = Ad-Hoc|iPhone
		{A7ACA80F-12A0-4E01-B7D6-F23B30F0EF46}.Ad-Hoc|iPhone.Build.0 = Ad-Hoc|iPhone
		{A7ACA80F-12A0-4E01-B7D6-F23B30F0EF46}.AppStore|iPhone.ActiveCfg = AppStore|iPhone
		{A7ACA80F-12A0-4E01-B7D6-F23B30F0EF46}.AppStore|iPhone.Build.0 = AppStore|iPhone
		{EA7F17DF-410B-49EC-A4D3-470C1F0BD80B}.Debug|Any CPU.ActiveCfg = Debug|Any CPU
		{EA7F17DF-410B-49EC-A4D3-470C1F0BD80B}.Debug|Any CPU.Build.0 = Debug|Any CPU
		{EA7F17DF-410B-49EC-A4D3-470C1F0BD80B}.Release|Any CPU.ActiveCfg = Release|Any CPU
		{EA7F17DF-410B-49EC-A4D3-470C1F0BD80B}.Release|Any CPU.Build.0 = Release|Any CPU
		{EA7F17DF-410B-49EC-A4D3-470C1F0BD80B}.Debug|iPhoneSimulator.ActiveCfg = Debug|Any CPU
		{EA7F17DF-410B-49EC-A4D3-470C1F0BD80B}.Debug|iPhoneSimulator.Build.0 = Debug|Any CPU
		{EA7F17DF-410B-49EC-A4D3-470C1F0BD80B}.Release|iPhoneSimulator.ActiveCfg = Release|Any CPU
		{EA7F17DF-410B-49EC-A4D3-470C1F0BD80B}.Release|iPhoneSimulator.Build.0 = Release|Any CPU
		{EA7F17DF-410B-49EC-A4D3-470C1F0BD80B}.Debug|iPhone.ActiveCfg = Debug|Any CPU
		{EA7F17DF-410B-49EC-A4D3-470C1F0BD80B}.Debug|iPhone.Build.0 = Debug|Any CPU
		{EA7F17DF-410B-49EC-A4D3-470C1F0BD80B}.Release|iPhone.ActiveCfg = Release|Any CPU
		{EA7F17DF-410B-49EC-A4D3-470C1F0BD80B}.Release|iPhone.Build.0 = Release|Any CPU
		{EA7F17DF-410B-49EC-A4D3-470C1F0BD80B}.Ad-Hoc|iPhone.ActiveCfg = Debug|Any CPU
		{EA7F17DF-410B-49EC-A4D3-470C1F0BD80B}.Ad-Hoc|iPhone.Build.0 = Debug|Any CPU
		{EA7F17DF-410B-49EC-A4D3-470C1F0BD80B}.AppStore|iPhone.ActiveCfg = Debug|Any CPU
		{EA7F17DF-410B-49EC-A4D3-470C1F0BD80B}.AppStore|iPhone.Build.0 = Debug|Any CPU
	EndGlobalSection
EndGlobal
